
Microsoft Visual Studio Solution File, Format Version 12.00
Project("{FAE04EC0-301F-11D3-BF4B-00C04F79EFBC}") = "Oa.Repo", "Oa.Repo\Oa.Repo.csproj", "{21FE43D9-A86F-4D38-B924-9E41F8751B79}"
EndProject
Project("{FAE04EC0-301F-11D3-BF4B-00C04F79EFBC}") = "Oa.Data", "Oa.Data\Oa.Data.csproj", "{0A67B8D8-BA3D-490A-9087-3EB869F75F9B}"
EndProject
Project("{FAE04EC0-301F-11D3-BF4B-00C04F79EFBC}") = "Oa.Service", "Oa.Service\Oa.Service.csproj", "{F754B5C7-5836-48AB-B47F-4ACEDE5283D2}"
EndProject
Global
	GlobalSection(SolutionConfigurationPlatforms) = preSolution
		Debug|Any CPU = Debug|Any CPU
		Release|Any CPU = Release|Any CPU
	EndGlobalSection
	GlobalSection(ProjectConfigurationPlatforms) = postSolution
		{21FE43D9-A86F-4D38-B924-9E41F8751B79}.Debug|Any CPU.ActiveCfg = Debug|Any CPU
		{21FE43D9-A86F-4D38-B924-9E41F8751B79}.Debug|Any CPU.Build.0 = Debug|Any CPU
		{21FE43D9-A86F-4D38-B924-9E41F8751B79}.Release|Any CPU.ActiveCfg = Release|Any CPU
		{21FE43D9-A86F-4D38-B924-9E41F8751B79}.Release|Any CPU.Build.0 = Release|Any CPU
		{0A67B8D8-BA3D-490A-9087-3EB869F75F9B}.Debug|Any CPU.ActiveCfg = Debug|Any CPU
		{0A67B8D8-BA3D-490A-9087-3EB869F75F9B}.Debug|Any CPU.Build.0 = Debug|Any CPU
		{0A67B8D8-BA3D-490A-9087-3EB869F75F9B}.Release|Any CPU.ActiveCfg = Release|Any CPU
		{0A67B8D8-BA3D-490A-9087-3EB869F75F9B}.Release|Any CPU.Build.0 = Release|Any CPU
		{F754B5C7-5836-48AB-B47F-4ACEDE5283D2}.Debug|Any CPU.ActiveCfg = Debug|Any CPU
		{F754B5C7-5836-48AB-B47F-4ACEDE5283D2}.Debug|Any CPU.Build.0 = Debug|Any CPU
		{F754B5C7-5836-48AB-B47F-4ACEDE5283D2}.Release|Any CPU.ActiveCfg = Release|Any CPU
		{F754B5C7-5836-48AB-B47F-4ACEDE5283D2}.Release|Any CPU.Build.0 = Release|Any CPU
	EndGlobalSection
EndGlobal
